// !$*UTF8*$!
{
	archiveVersion = 1;
	classes = {
	};
	objectVersion = 55;
	objects = {

/* Begin PBXBuildFile section */
		212269E62732B45E00B39138 /* FinishedPopupView.swift in Sources */ = {isa = PBXBuildFile; fileRef = 212269E52732B45E00B39138 /* FinishedPopupView.swift */; };
		2126547C2735858D00E1BDD4 /* AnyShape.swift in Sources */ = {isa = PBXBuildFile; fileRef = 2126547B2735858D00E1BDD4 /* AnyShape.swift */; };
		2126547F27359E1600E1BDD4 /* DeviceToggle.swift in Sources */ = {isa = PBXBuildFile; fileRef = 2126547E27359E1500E1BDD4 /* DeviceToggle.swift */; };
		212654812735A1C900E1BDD4 /* VideoTableInsertRequest.swift in Sources */ = {isa = PBXBuildFile; fileRef = 212654802735A1C900E1BDD4 /* VideoTableInsertRequest.swift */; };
		21265483273684CD00E1BDD4 /* ButtonView.swift in Sources */ = {isa = PBXBuildFile; fileRef = 21265482273684CD00E1BDD4 /* ButtonView.swift */; };
		2126548627368B5C00E1BDD4 /* PopupContainerView.swift in Sources */ = {isa = PBXBuildFile; fileRef = 2126548527368B5C00E1BDD4 /* PopupContainerView.swift */; };
		2126548B2737F43200E1BDD4 /* SupabaseConfiguration.swift in Sources */ = {isa = PBXBuildFile; fileRef = 2126548A2737F43200E1BDD4 /* SupabaseConfiguration.swift */; };
		2126548D2737F66600E1BDD4 /* FileListRequest.swift in Sources */ = {isa = PBXBuildFile; fileRef = 2126548C2737F66600E1BDD4 /* FileListRequest.swift */; };
		2126548F2737F76600E1BDD4 /* FileListSuccess.swift in Sources */ = {isa = PBXBuildFile; fileRef = 2126548E2737F76600E1BDD4 /* FileListSuccess.swift */; };
		212EDCC927383FC100629D49 /* CountdownView.swift in Sources */ = {isa = PBXBuildFile; fileRef = 212EDCC827383FC100629D49 /* CountdownView.swift */; };
		212EDCCB27384A0100629D49 /* RecordingManager.swift in Sources */ = {isa = PBXBuildFile; fileRef = 212EDCCA27384A0100629D49 /* RecordingManager.swift */; };
		212EDCCE27391C6300629D49 /* CountdownWindowController.swift in Sources */ = {isa = PBXBuildFile; fileRef = 212EDCCD27391C6300629D49 /* CountdownWindowController.swift */; };
		212EDCD027391CE000629D49 /* CameraWindowController.swift in Sources */ = {isa = PBXBuildFile; fileRef = 212EDCCF27391CE000629D49 /* CameraWindowController.swift */; };
		212EDCD22739706A00629D49 /* PopoverController.swift in Sources */ = {isa = PBXBuildFile; fileRef = 212EDCD12739706A00629D49 /* PopoverController.swift */; };
		217E70AB2731CF9500F30088 /* Capture.swift in Sources */ = {isa = PBXBuildFile; fileRef = 217E70AA2731CF9500F30088 /* Capture.swift */; };
		217E70AD2731CF9E00F30088 /* Upload.swift in Sources */ = {isa = PBXBuildFile; fileRef = 217E70AC2731CF9E00F30088 /* Upload.swift */; };
		217E70B02731CFB700F30088 /* RecorderConfiguration.swift in Sources */ = {isa = PBXBuildFile; fileRef = 217E70AF2731CFB700F30088 /* RecorderConfiguration.swift */; };
		217E70B22731CFDC00F30088 /* PlaylistGeneration.swift in Sources */ = {isa = PBXBuildFile; fileRef = 217E70B12731CFDC00F30088 /* PlaylistGeneration.swift */; };
		217E70B42731CFED00F30088 /* Segment.swift in Sources */ = {isa = PBXBuildFile; fileRef = 217E70B32731CFED00F30088 /* Segment.swift */; };
		217E70B82731D08D00F30088 /* Supabase.swift in Sources */ = {isa = PBXBuildFile; fileRef = 217E70B72731D08D00F30088 /* Supabase.swift */; };
		217E70BA2731D0B700F30088 /* FileDeleteRequest.swift in Sources */ = {isa = PBXBuildFile; fileRef = 217E70B92731D0B700F30088 /* FileDeleteRequest.swift */; };
		217E70BC2731D0C600F30088 /* FileUploadSuccess.swift in Sources */ = {isa = PBXBuildFile; fileRef = 217E70BB2731D0C600F30088 /* FileUploadSuccess.swift */; };
		217E70BE2731D0D100F30088 /* SupabaseError.swift in Sources */ = {isa = PBXBuildFile; fileRef = 217E70BD2731D0D100F30088 /* SupabaseError.swift */; };
		217E70C12731D11F00F30088 /* RuntimeError.swift in Sources */ = {isa = PBXBuildFile; fileRef = 217E70C02731D11F00F30088 /* RuntimeError.swift */; };
		217E70C62731DC0000F30088 /* StoppedPopupView.swift in Sources */ = {isa = PBXBuildFile; fileRef = 217E70C52731DC0000F30088 /* StoppedPopupView.swift */; };
		217E70C82731DC1400F30088 /* ErrorPopupView.swift in Sources */ = {isa = PBXBuildFile; fileRef = 217E70C72731DC1400F30088 /* ErrorPopupView.swift */; };
		2182FFA3273401FC005AA7AA /* CameraSize.swift in Sources */ = {isa = PBXBuildFile; fileRef = 2182FFA2273401FC005AA7AA /* CameraSize.swift */; };
		2182FFA627353B07005AA7AA /* CameraSettingsView.swift in Sources */ = {isa = PBXBuildFile; fileRef = 2182FFA527353B07005AA7AA /* CameraSettingsView.swift */; };
		2182FFA827353E2E005AA7AA /* CameraSizeButton.swift in Sources */ = {isa = PBXBuildFile; fileRef = 2182FFA727353E2E005AA7AA /* CameraSizeButton.swift */; };
		219C521927315BC6007B6B36 /* AsyncRecorderApp.swift in Sources */ = {isa = PBXBuildFile; fileRef = 219C521827315BC6007B6B36 /* AsyncRecorderApp.swift */; };
		219C521B27315BC6007B6B36 /* PopupView.swift in Sources */ = {isa = PBXBuildFile; fileRef = 219C521A27315BC6007B6B36 /* PopupView.swift */; };
		219C521D27315BCB007B6B36 /* Assets.xcassets in Resources */ = {isa = PBXBuildFile; fileRef = 219C521C27315BCB007B6B36 /* Assets.xcassets */; };
		219C522027315BCB007B6B36 /* Preview Assets.xcassets in Resources */ = {isa = PBXBuildFile; fileRef = 219C521F27315BCB007B6B36 /* Preview Assets.xcassets */; };
		219C522A27316A70007B6B36 /* CameraPreviewView.swift in Sources */ = {isa = PBXBuildFile; fileRef = 219C522927316A70007B6B36 /* CameraPreviewView.swift */; };
		219C522C27316AA7007B6B36 /* CameraSession.swift in Sources */ = {isa = PBXBuildFile; fileRef = 219C522B27316AA7007B6B36 /* CameraSession.swift */; };
		219C522E27316AF5007B6B36 /* CameraContainerView.swift in Sources */ = {isa = PBXBuildFile; fileRef = 219C522D27316AF5007B6B36 /* CameraContainerView.swift */; };
		219C523127317670007B6B36 /* CamManager.swift in Sources */ = {isa = PBXBuildFile; fileRef = 219C523027317670007B6B36 /* CamManager.swift */; };
		219C523327319B50007B6B36 /* MicManager.swift in Sources */ = {isa = PBXBuildFile; fileRef = 219C523227319B50007B6B36 /* MicManager.swift */; };
/* End PBXBuildFile section */

/* Begin PBXFileReference section */
		212269E52732B45E00B39138 /* FinishedPopupView.swift */ = {isa = PBXFileReference; lastKnownFileType = sourcecode.swift; path = FinishedPopupView.swift; sourceTree = "<group>"; };
		2126547B2735858D00E1BDD4 /* AnyShape.swift */ = {isa = PBXFileReference; lastKnownFileType = sourcecode.swift; path = AnyShape.swift; sourceTree = "<group>"; };
		2126547E27359E1500E1BDD4 /* DeviceToggle.swift */ = {isa = PBXFileReference; lastKnownFileType = sourcecode.swift; path = DeviceToggle.swift; sourceTree = "<group>"; };
		212654802735A1C900E1BDD4 /* VideoTableInsertRequest.swift */ = {isa = PBXFileReference; lastKnownFileType = sourcecode.swift; path = VideoTableInsertRequest.swift; sourceTree = "<group>"; };
		21265482273684CD00E1BDD4 /* ButtonView.swift */ = {isa = PBXFileReference; lastKnownFileType = sourcecode.swift; path = ButtonView.swift; sourceTree = "<group>"; };
		2126548527368B5C00E1BDD4 /* PopupContainerView.swift */ = {isa = PBXFileReference; lastKnownFileType = sourcecode.swift; path = PopupContainerView.swift; sourceTree = "<group>"; };
		2126548A2737F43200E1BDD4 /* SupabaseConfiguration.swift */ = {isa = PBXFileReference; lastKnownFileType = sourcecode.swift; path = SupabaseConfiguration.swift; sourceTree = "<group>"; };
		2126548C2737F66600E1BDD4 /* FileListRequest.swift */ = {isa = PBXFileReference; lastKnownFileType = sourcecode.swift; path = FileListRequest.swift; sourceTree = "<group>"; };
		2126548E2737F76600E1BDD4 /* FileListSuccess.swift */ = {isa = PBXFileReference; lastKnownFileType = sourcecode.swift; path = FileListSuccess.swift; sourceTree = "<group>"; };
		212EDCC827383FC100629D49 /* CountdownView.swift */ = {isa = PBXFileReference; lastKnownFileType = sourcecode.swift; path = CountdownView.swift; sourceTree = "<group>"; };
		212EDCCA27384A0100629D49 /* RecordingManager.swift */ = {isa = PBXFileReference; lastKnownFileType = sourcecode.swift; path = RecordingManager.swift; sourceTree = "<group>"; };
		212EDCCD27391C6300629D49 /* CountdownWindowController.swift */ = {isa = PBXFileReference; lastKnownFileType = sourcecode.swift; path = CountdownWindowController.swift; sourceTree = "<group>"; };
		212EDCCF27391CE000629D49 /* CameraWindowController.swift */ = {isa = PBXFileReference; lastKnownFileType = sourcecode.swift; path = CameraWindowController.swift; sourceTree = "<group>"; };
		212EDCD12739706A00629D49 /* PopoverController.swift */ = {isa = PBXFileReference; lastKnownFileType = sourcecode.swift; path = PopoverController.swift; sourceTree = "<group>"; };
		217E70AA2731CF9500F30088 /* Capture.swift */ = {isa = PBXFileReference; lastKnownFileType = sourcecode.swift; path = Capture.swift; sourceTree = "<group>"; };
		217E70AC2731CF9E00F30088 /* Upload.swift */ = {isa = PBXFileReference; lastKnownFileType = sourcecode.swift; path = Upload.swift; sourceTree = "<group>"; };
		217E70AF2731CFB700F30088 /* RecorderConfiguration.swift */ = {isa = PBXFileReference; lastKnownFileType = sourcecode.swift; path = RecorderConfiguration.swift; sourceTree = "<group>"; };
		217E70B12731CFDC00F30088 /* PlaylistGeneration.swift */ = {isa = PBXFileReference; lastKnownFileType = sourcecode.swift; path = PlaylistGeneration.swift; sourceTree = "<group>"; };
		217E70B32731CFED00F30088 /* Segment.swift */ = {isa = PBXFileReference; lastKnownFileType = sourcecode.swift; path = Segment.swift; sourceTree = "<group>"; };
		217E70B72731D08D00F30088 /* Supabase.swift */ = {isa = PBXFileReference; lastKnownFileType = sourcecode.swift; path = Supabase.swift; sourceTree = "<group>"; };
		217E70B92731D0B700F30088 /* FileDeleteRequest.swift */ = {isa = PBXFileReference; lastKnownFileType = sourcecode.swift; path = FileDeleteRequest.swift; sourceTree = "<group>"; };
		217E70BB2731D0C600F30088 /* FileUploadSuccess.swift */ = {isa = PBXFileReference; lastKnownFileType = sourcecode.swift; path = FileUploadSuccess.swift; sourceTree = "<group>"; };
		217E70BD2731D0D100F30088 /* SupabaseError.swift */ = {isa = PBXFileReference; lastKnownFileType = sourcecode.swift; path = SupabaseError.swift; sourceTree = "<group>"; };
		217E70C02731D11F00F30088 /* RuntimeError.swift */ = {isa = PBXFileReference; lastKnownFileType = sourcecode.swift; path = RuntimeError.swift; sourceTree = "<group>"; };
		217E70C52731DC0000F30088 /* StoppedPopupView.swift */ = {isa = PBXFileReference; lastKnownFileType = sourcecode.swift; path = StoppedPopupView.swift; sourceTree = "<group>"; };
		217E70C72731DC1400F30088 /* ErrorPopupView.swift */ = {isa = PBXFileReference; lastKnownFileType = sourcecode.swift; path = ErrorPopupView.swift; sourceTree = "<group>"; };
		217E70C92731EA2100F30088 /* secrets.xcconfig */ = {isa = PBXFileReference; lastKnownFileType = text.xcconfig; path = secrets.xcconfig; sourceTree = "<group>"; };
		2182FFA2273401FC005AA7AA /* CameraSize.swift */ = {isa = PBXFileReference; lastKnownFileType = sourcecode.swift; path = CameraSize.swift; sourceTree = "<group>"; };
		2182FFA527353B07005AA7AA /* CameraSettingsView.swift */ = {isa = PBXFileReference; lastKnownFileType = sourcecode.swift; path = CameraSettingsView.swift; sourceTree = "<group>"; };
		2182FFA727353E2E005AA7AA /* CameraSizeButton.swift */ = {isa = PBXFileReference; lastKnownFileType = sourcecode.swift; path = CameraSizeButton.swift; sourceTree = "<group>"; };
		219C521527315BC6007B6B36 /* AsyncRecorder.app */ = {isa = PBXFileReference; explicitFileType = wrapper.application; includeInIndex = 0; path = AsyncRecorder.app; sourceTree = BUILT_PRODUCTS_DIR; };
		219C521827315BC6007B6B36 /* AsyncRecorderApp.swift */ = {isa = PBXFileReference; lastKnownFileType = sourcecode.swift; path = AsyncRecorderApp.swift; sourceTree = "<group>"; };
		219C521A27315BC6007B6B36 /* PopupView.swift */ = {isa = PBXFileReference; lastKnownFileType = sourcecode.swift; path = PopupView.swift; sourceTree = "<group>"; };
		219C521C27315BCB007B6B36 /* Assets.xcassets */ = {isa = PBXFileReference; lastKnownFileType = folder.assetcatalog; path = Assets.xcassets; sourceTree = "<group>"; };
		219C521F27315BCB007B6B36 /* Preview Assets.xcassets */ = {isa = PBXFileReference; lastKnownFileType = folder.assetcatalog; path = "Preview Assets.xcassets"; sourceTree = "<group>"; };
		219C522127315BCB007B6B36 /* AsyncRecorder.entitlements */ = {isa = PBXFileReference; lastKnownFileType = text.plist.entitlements; path = AsyncRecorder.entitlements; sourceTree = "<group>"; };
		219C52272731622A007B6B36 /* Info.plist */ = {isa = PBXFileReference; lastKnownFileType = text.plist; path = Info.plist; sourceTree = "<group>"; };
		219C522927316A70007B6B36 /* CameraPreviewView.swift */ = {isa = PBXFileReference; lastKnownFileType = sourcecode.swift; path = CameraPreviewView.swift; sourceTree = "<group>"; };
		219C522B27316AA7007B6B36 /* CameraSession.swift */ = {isa = PBXFileReference; lastKnownFileType = sourcecode.swift; path = CameraSession.swift; sourceTree = "<group>"; };
		219C522D27316AF5007B6B36 /* CameraContainerView.swift */ = {isa = PBXFileReference; lastKnownFileType = sourcecode.swift; path = CameraContainerView.swift; sourceTree = "<group>"; };
		219C523027317670007B6B36 /* CamManager.swift */ = {isa = PBXFileReference; lastKnownFileType = sourcecode.swift; path = CamManager.swift; sourceTree = "<group>"; };
		219C523227319B50007B6B36 /* MicManager.swift */ = {isa = PBXFileReference; lastKnownFileType = sourcecode.swift; path = MicManager.swift; sourceTree = "<group>"; };
/* End PBXFileReference section */

/* Begin PBXFrameworksBuildPhase section */
		219C521227315BC6007B6B36 /* Frameworks */ = {
			isa = PBXFrameworksBuildPhase;
			buildActionMask = 2147483647;
			files = (
			);
			runOnlyForDeploymentPostprocessing = 0;
		};
/* End PBXFrameworksBuildPhase section */

/* Begin PBXGroup section */
		2126547D27359E0400E1BDD4 /* Components */ = {
			isa = PBXGroup;
			children = (
				2126547E27359E1500E1BDD4 /* DeviceToggle.swift */,
				21265482273684CD00E1BDD4 /* ButtonView.swift */,
				2126548527368B5C00E1BDD4 /* PopupContainerView.swift */,
			);
			path = Components;
			sourceTree = "<group>";
		};
		212654842736851E00E1BDD4 /* Utils */ = {
			isa = PBXGroup;
			children = (
				2126547B2735858D00E1BDD4 /* AnyShape.swift */,
			);
			path = Utils;
			sourceTree = "<group>";
		};
		212654892737F40C00E1BDD4 /* Utils */ = {
			isa = PBXGroup;
			children = (
				2126548A2737F43200E1BDD4 /* SupabaseConfiguration.swift */,
			);
			path = Utils;
			sourceTree = "<group>";
		};
		212EDCD3273970B100629D49 /* Controllers */ = {
			isa = PBXGroup;
			children = (
				212EDCCD27391C6300629D49 /* CountdownWindowController.swift */,
				212EDCCF27391CE000629D49 /* CameraWindowController.swift */,
				212EDCD12739706A00629D49 /* PopoverController.swift */,
			);
			path = Controllers;
			sourceTree = "<group>";
		};
		217E70A92731CF6800F30088 /* Recorder */ = {
			isa = PBXGroup;
			children = (
				217E70AE2731CFA400F30088 /* Utils */,
				217E70AA2731CF9500F30088 /* Capture.swift */,
				212EDCCA27384A0100629D49 /* RecordingManager.swift */,
				217E70AC2731CF9E00F30088 /* Upload.swift */,
			);
			path = Recorder;
			sourceTree = "<group>";
		};
		217E70AE2731CFA400F30088 /* Utils */ = {
			isa = PBXGroup;
			children = (
				217E70AF2731CFB700F30088 /* RecorderConfiguration.swift */,
				217E70B12731CFDC00F30088 /* PlaylistGeneration.swift */,
				217E70B32731CFED00F30088 /* Segment.swift */,
			);
			path = Utils;
			sourceTree = "<group>";
		};
		217E70B52731D07200F30088 /* Supabase */ = {
			isa = PBXGroup;
			children = (
				212654892737F40C00E1BDD4 /* Utils */,
				217E70B62731D08100F30088 /* Models */,
				217E70B72731D08D00F30088 /* Supabase.swift */,
			);
			path = Supabase;
			sourceTree = "<group>";
		};
		217E70B62731D08100F30088 /* Models */ = {
			isa = PBXGroup;
			children = (
				2126548C2737F66600E1BDD4 /* FileListRequest.swift */,
				217E70B92731D0B700F30088 /* FileDeleteRequest.swift */,
				217E70BB2731D0C600F30088 /* FileUploadSuccess.swift */,
				217E70BD2731D0D100F30088 /* SupabaseError.swift */,
				212654802735A1C900E1BDD4 /* VideoTableInsertRequest.swift */,
				2126548E2737F76600E1BDD4 /* FileListSuccess.swift */,
			);
			path = Models;
			sourceTree = "<group>";
		};
		217E70BF2731D10000F30088 /* Utils */ = {
			isa = PBXGroup;
			children = (
				217E70C02731D11F00F30088 /* RuntimeError.swift */,
			);
			path = Utils;
			sourceTree = "<group>";
		};
		217E70C42731DBC700F30088 /* Popup */ = {
			isa = PBXGroup;
			children = (
				2126547D27359E0400E1BDD4 /* Components */,
				217E70C52731DC0000F30088 /* StoppedPopupView.swift */,
				217E70C72731DC1400F30088 /* ErrorPopupView.swift */,
				212269E52732B45E00B39138 /* FinishedPopupView.swift */,
			);
			path = Popup;
			sourceTree = "<group>";
		};
		2182FFA1273401E9005AA7AA /* Utils */ = {
			isa = PBXGroup;
			children = (
				2182FFA2273401FC005AA7AA /* CameraSize.swift */,
			);
			path = Utils;
			sourceTree = "<group>";
		};
		2182FFA427353AF3005AA7AA /* Components */ = {
			isa = PBXGroup;
			children = (
				2182FFA527353B07005AA7AA /* CameraSettingsView.swift */,
				2182FFA727353E2E005AA7AA /* CameraSizeButton.swift */,
			);
			path = Components;
			sourceTree = "<group>";
		};
		219C520C27315BC6007B6B36 = {
			isa = PBXGroup;
			children = (
				219C521727315BC6007B6B36 /* AsyncRecorder */,
				219C521627315BC6007B6B36 /* Products */,
			);
			sourceTree = "<group>";
		};
		219C521627315BC6007B6B36 /* Products */ = {
			isa = PBXGroup;
			children = (
				219C521527315BC6007B6B36 /* AsyncRecorder.app */,
			);
			name = Products;
			sourceTree = "<group>";
		};
		219C521727315BC6007B6B36 /* AsyncRecorder */ = {
			isa = PBXGroup;
			children = (
				212EDCD3273970B100629D49 /* Controllers */,
				217E70C42731DBC700F30088 /* Popup */,
				217E70BF2731D10000F30088 /* Utils */,
				217E70B52731D07200F30088 /* Supabase */,
				217E70A92731CF6800F30088 /* Recorder */,
				219C522F2731763C007B6B36 /* Devices */,
				219C5228273168A7007B6B36 /* Camera */,
				219C52272731622A007B6B36 /* Info.plist */,
				219C521827315BC6007B6B36 /* AsyncRecorderApp.swift */,
				219C521A27315BC6007B6B36 /* PopupView.swift */,
				212EDCC827383FC100629D49 /* CountdownView.swift */,
				219C521C27315BCB007B6B36 /* Assets.xcassets */,
				219C522127315BCB007B6B36 /* AsyncRecorder.entitlements */,
				219C521E27315BCB007B6B36 /* Preview Content */,
				217E70C92731EA2100F30088 /* secrets.xcconfig */,
			);
			path = AsyncRecorder;
			sourceTree = "<group>";
		};
		219C521E27315BCB007B6B36 /* Preview Content */ = {
			isa = PBXGroup;
			children = (
				219C521F27315BCB007B6B36 /* Preview Assets.xcassets */,
			);
			path = "Preview Content";
			sourceTree = "<group>";
		};
		219C5228273168A7007B6B36 /* Camera */ = {
			isa = PBXGroup;
			children = (
				212654842736851E00E1BDD4 /* Utils */,
				2182FFA427353AF3005AA7AA /* Components */,
				219C522927316A70007B6B36 /* CameraPreviewView.swift */,
				219C522B27316AA7007B6B36 /* CameraSession.swift */,
				219C522D27316AF5007B6B36 /* CameraContainerView.swift */,
			);
			path = Camera;
			sourceTree = "<group>";
		};
		219C522F2731763C007B6B36 /* Devices */ = {
			isa = PBXGroup;
			children = (
				2182FFA1273401E9005AA7AA /* Utils */,
				219C523027317670007B6B36 /* CamManager.swift */,
				219C523227319B50007B6B36 /* MicManager.swift */,
			);
			path = Devices;
			sourceTree = "<group>";
		};
/* End PBXGroup section */

/* Begin PBXNativeTarget section */
		219C521427315BC6007B6B36 /* AsyncRecorder */ = {
			isa = PBXNativeTarget;
			buildConfigurationList = 219C522427315BCB007B6B36 /* Build configuration list for PBXNativeTarget "AsyncRecorder" */;
			buildPhases = (
				219C521127315BC6007B6B36 /* Sources */,
				219C521227315BC6007B6B36 /* Frameworks */,
				219C521327315BC6007B6B36 /* Resources */,
			);
			buildRules = (
			);
			dependencies = (
			);
			name = AsyncRecorder;
			productName = AsyncRecorder;
			productReference = 219C521527315BC6007B6B36 /* AsyncRecorder.app */;
			productType = "com.apple.product-type.application";
		};
/* End PBXNativeTarget section */

/* Begin PBXProject section */
		219C520D27315BC6007B6B36 /* Project object */ = {
			isa = PBXProject;
			attributes = {
				BuildIndependentTargetsInParallel = 1;
				LastSwiftUpdateCheck = 1300;
				LastUpgradeCheck = 1300;
				TargetAttributes = {
					219C521427315BC6007B6B36 = {
						CreatedOnToolsVersion = 13.0;
					};
				};
			};
			buildConfigurationList = 219C521027315BC6007B6B36 /* Build configuration list for PBXProject "AsyncRecorder" */;
			compatibilityVersion = "Xcode 13.0";
			developmentRegion = en;
			hasScannedForEncodings = 0;
			knownRegions = (
				en,
				Base,
			);
			mainGroup = 219C520C27315BC6007B6B36;
			productRefGroup = 219C521627315BC6007B6B36 /* Products */;
			projectDirPath = "";
			projectRoot = "";
			targets = (
				219C521427315BC6007B6B36 /* AsyncRecorder */,
			);
		};
/* End PBXProject section */

/* Begin PBXResourcesBuildPhase section */
		219C521327315BC6007B6B36 /* Resources */ = {
			isa = PBXResourcesBuildPhase;
			buildActionMask = 2147483647;
			files = (
				219C522027315BCB007B6B36 /* Preview Assets.xcassets in Resources */,
				219C521D27315BCB007B6B36 /* Assets.xcassets in Resources */,
			);
			runOnlyForDeploymentPostprocessing = 0;
		};
/* End PBXResourcesBuildPhase section */

/* Begin PBXSourcesBuildPhase section */
		219C521127315BC6007B6B36 /* Sources */ = {
			isa = PBXSourcesBuildPhase;
			buildActionMask = 2147483647;
			files = (
				212EDCC927383FC100629D49 /* CountdownView.swift in Sources */,
				217E70BC2731D0C600F30088 /* FileUploadSuccess.swift in Sources */,
				219C521B27315BC6007B6B36 /* PopupView.swift in Sources */,
				217E70B42731CFED00F30088 /* Segment.swift in Sources */,
				217E70C12731D11F00F30088 /* RuntimeError.swift in Sources */,
				212EDCCE27391C6300629D49 /* CountdownWindowController.swift in Sources */,
				217E70BE2731D0D100F30088 /* SupabaseError.swift in Sources */,
				2126548F2737F76600E1BDD4 /* FileListSuccess.swift in Sources */,
				2126548B2737F43200E1BDD4 /* SupabaseConfiguration.swift in Sources */,
				212EDCD027391CE000629D49 /* CameraWindowController.swift in Sources */,
				21265483273684CD00E1BDD4 /* ButtonView.swift in Sources */,
				219C522C27316AA7007B6B36 /* CameraSession.swift in Sources */,
				212654812735A1C900E1BDD4 /* VideoTableInsertRequest.swift in Sources */,
				2182FFA627353B07005AA7AA /* CameraSettingsView.swift in Sources */,
				219C521927315BC6007B6B36 /* AsyncRecorderApp.swift in Sources */,
				217E70C62731DC0000F30088 /* StoppedPopupView.swift in Sources */,
				217E70AB2731CF9500F30088 /* Capture.swift in Sources */,
				2182FFA3273401FC005AA7AA /* CameraSize.swift in Sources */,
				212EDCCB27384A0100629D49 /* RecordingManager.swift in Sources */,
				212EDCD22739706A00629D49 /* PopoverController.swift in Sources */,
				217E70B22731CFDC00F30088 /* PlaylistGeneration.swift in Sources */,
				217E70B82731D08D00F30088 /* Supabase.swift in Sources */,
				2126548627368B5C00E1BDD4 /* PopupContainerView.swift in Sources */,
				219C523127317670007B6B36 /* CamManager.swift in Sources */,
				2126547C2735858D00E1BDD4 /* AnyShape.swift in Sources */,
				217E70BA2731D0B700F30088 /* FileDeleteRequest.swift in Sources */,
				2126547F27359E1600E1BDD4 /* DeviceToggle.swift in Sources */,
				217E70AD2731CF9E00F30088 /* Upload.swift in Sources */,
				2182FFA827353E2E005AA7AA /* CameraSizeButton.swift in Sources */,
				212269E62732B45E00B39138 /* FinishedPopupView.swift in Sources */,
				219C523327319B50007B6B36 /* MicManager.swift in Sources */,
				217E70C82731DC1400F30088 /* ErrorPopupView.swift in Sources */,
				2126548D2737F66600E1BDD4 /* FileListRequest.swift in Sources */,
				219C522E27316AF5007B6B36 /* CameraContainerView.swift in Sources */,
				219C522A27316A70007B6B36 /* CameraPreviewView.swift in Sources */,
				217E70B02731CFB700F30088 /* RecorderConfiguration.swift in Sources */,
			);
			runOnlyForDeploymentPostprocessing = 0;
		};
/* End PBXSourcesBuildPhase section */

/* Begin XCBuildConfiguration section */
		219C522227315BCB007B6B36 /* Debug */ = {
			isa = XCBuildConfiguration;
			baseConfigurationReference = 217E70C92731EA2100F30088 /* secrets.xcconfig */;
			buildSettings = {
				ALWAYS_SEARCH_USER_PATHS = NO;
				CLANG_ANALYZER_NONNULL = YES;
				CLANG_ANALYZER_NUMBER_OBJECT_CONVERSION = YES_AGGRESSIVE;
				CLANG_CXX_LANGUAGE_STANDARD = "gnu++17";
				CLANG_CXX_LIBRARY = "libc++";
				CLANG_ENABLE_MODULES = YES;
				CLANG_ENABLE_OBJC_ARC = YES;
				CLANG_ENABLE_OBJC_WEAK = YES;
				CLANG_WARN_BLOCK_CAPTURE_AUTORELEASING = YES;
				CLANG_WARN_BOOL_CONVERSION = YES;
				CLANG_WARN_COMMA = YES;
				CLANG_WARN_CONSTANT_CONVERSION = YES;
				CLANG_WARN_DEPRECATED_OBJC_IMPLEMENTATIONS = YES;
				CLANG_WARN_DIRECT_OBJC_ISA_USAGE = YES_ERROR;
				CLANG_WARN_DOCUMENTATION_COMMENTS = YES;
				CLANG_WARN_EMPTY_BODY = YES;
				CLANG_WARN_ENUM_CONVERSION = YES;
				CLANG_WARN_INFINITE_RECURSION = YES;
				CLANG_WARN_INT_CONVERSION = YES;
				CLANG_WARN_NON_LITERAL_NULL_CONVERSION = YES;
				CLANG_WARN_OBJC_IMPLICIT_RETAIN_SELF = YES;
				CLANG_WARN_OBJC_LITERAL_CONVERSION = YES;
				CLANG_WARN_OBJC_ROOT_CLASS = YES_ERROR;
				CLANG_WARN_QUOTED_INCLUDE_IN_FRAMEWORK_HEADER = YES;
				CLANG_WARN_RANGE_LOOP_ANALYSIS = YES;
				CLANG_WARN_STRICT_PROTOTYPES = YES;
				CLANG_WARN_SUSPICIOUS_MOVE = YES;
				CLANG_WARN_UNGUARDED_AVAILABILITY = YES_AGGRESSIVE;
				CLANG_WARN_UNREACHABLE_CODE = YES;
				CLANG_WARN__DUPLICATE_METHOD_MATCH = YES;
				COPY_PHASE_STRIP = NO;
				DEBUG_INFORMATION_FORMAT = dwarf;
				ENABLE_STRICT_OBJC_MSGSEND = YES;
				ENABLE_TESTABILITY = YES;
				GCC_C_LANGUAGE_STANDARD = gnu11;
				GCC_DYNAMIC_NO_PIC = NO;
				GCC_NO_COMMON_BLOCKS = YES;
				GCC_OPTIMIZATION_LEVEL = 0;
				GCC_PREPROCESSOR_DEFINITIONS = (
					"DEBUG=1",
					"$(inherited)",
				);
				GCC_WARN_64_TO_32_BIT_CONVERSION = YES;
				GCC_WARN_ABOUT_RETURN_TYPE = YES_ERROR;
				GCC_WARN_UNDECLARED_SELECTOR = YES;
				GCC_WARN_UNINITIALIZED_AUTOS = YES_AGGRESSIVE;
				GCC_WARN_UNUSED_FUNCTION = YES;
				GCC_WARN_UNUSED_VARIABLE = YES;
				MACOSX_DEPLOYMENT_TARGET = 11.3;
				MTL_ENABLE_DEBUG_INFO = INCLUDE_SOURCE;
				MTL_FAST_MATH = YES;
				ONLY_ACTIVE_ARCH = YES;
				SDKROOT = macosx;
				SWIFT_ACTIVE_COMPILATION_CONDITIONS = DEBUG;
				SWIFT_OPTIMIZATION_LEVEL = "-Onone";
			};
			name = Debug;
		};
		219C522327315BCB007B6B36 /* Release */ = {
			isa = XCBuildConfiguration;
			baseConfigurationReference = 217E70C92731EA2100F30088 /* secrets.xcconfig */;
			buildSettings = {
				ALWAYS_SEARCH_USER_PATHS = NO;
				CLANG_ANALYZER_NONNULL = YES;
				CLANG_ANALYZER_NUMBER_OBJECT_CONVERSION = YES_AGGRESSIVE;
				CLANG_CXX_LANGUAGE_STANDARD = "gnu++17";
				CLANG_CXX_LIBRARY = "libc++";
				CLANG_ENABLE_MODULES = YES;
				CLANG_ENABLE_OBJC_ARC = YES;
				CLANG_ENABLE_OBJC_WEAK = YES;
				CLANG_WARN_BLOCK_CAPTURE_AUTORELEASING = YES;
				CLANG_WARN_BOOL_CONVERSION = YES;
				CLANG_WARN_COMMA = YES;
				CLANG_WARN_CONSTANT_CONVERSION = YES;
				CLANG_WARN_DEPRECATED_OBJC_IMPLEMENTATIONS = YES;
				CLANG_WARN_DIRECT_OBJC_ISA_USAGE = YES_ERROR;
				CLANG_WARN_DOCUMENTATION_COMMENTS = YES;
				CLANG_WARN_EMPTY_BODY = YES;
				CLANG_WARN_ENUM_CONVERSION = YES;
				CLANG_WARN_INFINITE_RECURSION = YES;
				CLANG_WARN_INT_CONVERSION = YES;
				CLANG_WARN_NON_LITERAL_NULL_CONVERSION = YES;
				CLANG_WARN_OBJC_IMPLICIT_RETAIN_SELF = YES;
				CLANG_WARN_OBJC_LITERAL_CONVERSION = YES;
				CLANG_WARN_OBJC_ROOT_CLASS = YES_ERROR;
				CLANG_WARN_QUOTED_INCLUDE_IN_FRAMEWORK_HEADER = YES;
				CLANG_WARN_RANGE_LOOP_ANALYSIS = YES;
				CLANG_WARN_STRICT_PROTOTYPES = YES;
				CLANG_WARN_SUSPICIOUS_MOVE = YES;
				CLANG_WARN_UNGUARDED_AVAILABILITY = YES_AGGRESSIVE;
				CLANG_WARN_UNREACHABLE_CODE = YES;
				CLANG_WARN__DUPLICATE_METHOD_MATCH = YES;
				COPY_PHASE_STRIP = NO;
				DEBUG_INFORMATION_FORMAT = "dwarf-with-dsym";
				ENABLE_NS_ASSERTIONS = NO;
				ENABLE_STRICT_OBJC_MSGSEND = YES;
				GCC_C_LANGUAGE_STANDARD = gnu11;
				GCC_NO_COMMON_BLOCKS = YES;
				GCC_WARN_64_TO_32_BIT_CONVERSION = YES;
				GCC_WARN_ABOUT_RETURN_TYPE = YES_ERROR;
				GCC_WARN_UNDECLARED_SELECTOR = YES;
				GCC_WARN_UNINITIALIZED_AUTOS = YES_AGGRESSIVE;
				GCC_WARN_UNUSED_FUNCTION = YES;
				GCC_WARN_UNUSED_VARIABLE = YES;
				MACOSX_DEPLOYMENT_TARGET = 11.3;
				MTL_ENABLE_DEBUG_INFO = NO;
				MTL_FAST_MATH = YES;
				SDKROOT = macosx;
				SWIFT_COMPILATION_MODE = wholemodule;
				SWIFT_OPTIMIZATION_LEVEL = "-O";
			};
			name = Release;
		};
		219C522527315BCB007B6B36 /* Debug */ = {
			isa = XCBuildConfiguration;
			buildSettings = {
				ASSETCATALOG_COMPILER_APPICON_NAME = AppIcon;
				ASSETCATALOG_COMPILER_GLOBAL_ACCENT_COLOR_NAME = AccentColor;
				CODE_SIGN_ENTITLEMENTS = AsyncRecorder/AsyncRecorder.entitlements;
				CODE_SIGN_STYLE = Automatic;
				COMBINE_HIDPI_IMAGES = YES;
				CURRENT_PROJECT_VERSION = 1;
				DEVELOPMENT_ASSET_PATHS = "\"AsyncRecorder/Preview Content\"";
				DEVELOPMENT_TEAM = 962R5W99CR;
				ENABLE_HARDENED_RUNTIME = YES;
				ENABLE_PREVIEWS = YES;
				GENERATE_INFOPLIST_FILE = YES;
				INFOPLIST_FILE = AsyncRecorder/Info.plist;
				INFOPLIST_KEY_NSCameraUsageDescription = "This app requires camera access to include the camera view in recordings.";
				INFOPLIST_KEY_NSHumanReadableCopyright = "";
				INFOPLIST_KEY_NSMicrophoneUsageDescription = "This app requires microphone access to include audio in recordings.";
				LD_RUNPATH_SEARCH_PATHS = (
					"$(inherited)",
					"@executable_path/../Frameworks",
				);
				MACOSX_DEPLOYMENT_TARGET = 11.0;
				MARKETING_VERSION = 1.0;
				PRODUCT_BUNDLE_IDENTIFIER = metafield.AsyncRecorder;
				PRODUCT_NAME = "$(TARGET_NAME)";
				SWIFT_EMIT_LOC_STRINGS = YES;
				SWIFT_VERSION = 5.0;
			};
			name = Debug;
		};
		219C522627315BCB007B6B36 /* Release */ = {
			isa = XCBuildConfiguration;
			buildSettings = {
				ASSETCATALOG_COMPILER_APPICON_NAME = AppIcon;
				ASSETCATALOG_COMPILER_GLOBAL_ACCENT_COLOR_NAME = AccentColor;
				CODE_SIGN_ENTITLEMENTS = AsyncRecorder/AsyncRecorder.entitlements;
				CODE_SIGN_STYLE = Automatic;
				COMBINE_HIDPI_IMAGES = YES;
				CURRENT_PROJECT_VERSION = 1;
				DEVELOPMENT_ASSET_PATHS = "\"AsyncRecorder/Preview Content\"";
				DEVELOPMENT_TEAM = 962R5W99CR;
				ENABLE_HARDENED_RUNTIME = YES;
				ENABLE_PREVIEWS = YES;
				GENERATE_INFOPLIST_FILE = YES;
				INFOPLIST_FILE = AsyncRecorder/Info.plist;
				INFOPLIST_KEY_NSCameraUsageDescription = "This app requires camera access to include the camera view in recordings.";
				INFOPLIST_KEY_NSHumanReadableCopyright = "";
				INFOPLIST_KEY_NSMicrophoneUsageDescription = "This app requires microphone access to include audio in recordings.";
				LD_RUNPATH_SEARCH_PATHS = (
					"$(inherited)",
					"@executable_path/../Frameworks",
				);
				MACOSX_DEPLOYMENT_TARGET = 11.0;
				MARKETING_VERSION = 1.0;
				PRODUCT_BUNDLE_IDENTIFIER = metafield.AsyncRecorder;
				PRODUCT_NAME = "$(TARGET_NAME)";
				SWIFT_EMIT_LOC_STRINGS = YES;
				SWIFT_VERSION = 5.0;
			};
			name = Release;
		};
/* End XCBuildConfiguration section */

/* Begin XCConfigurationList section */
		219C521027315BC6007B6B36 /* Build configuration list for PBXProject "AsyncRecorder" */ = {
			isa = XCConfigurationList;
			buildConfigurations = (
				219C522227315BCB007B6B36 /* Debug */,
				219C522327315BCB007B6B36 /* Release */,
			);
			defaultConfigurationIsVisible = 0;
			defaultConfigurationName = Release;
		};
		219C522427315BCB007B6B36 /* Build configuration list for PBXNativeTarget "AsyncRecorder" */ = {
			isa = XCConfigurationList;
			buildConfigurations = (
				219C522527315BCB007B6B36 /* Debug */,
				219C522627315BCB007B6B36 /* Release */,
			);
			defaultConfigurationIsVisible = 0;
			defaultConfigurationName = Release;
		};
/* End XCConfigurationList section */
	};
	rootObject = 219C520D27315BC6007B6B36 /* Project object */;
}
